
Microsoft Visual Studio Solution File, Format Version 12.00
# Visual Studio Version 17
VisualStudioVersion = 17.4.33122.133
MinimumVisualStudioVersion = 10.0.40219.1
Project("{9A19103F-16F7-4668-BE54-9A1E7A4F7556}") = "DeskBookingSystem", "DeskBookingSystem.csproj", "{40404066-8AF1-4ADB-8CD8-78F6FE2F070C}"
EndProject
Global
	GlobalSection(SolutionConfigurationPlatforms) = preSolution
		Debug|Any CPU = Debug|Any CPU
		Release|Any CPU = Release|Any CPU
	EndGlobalSection
	GlobalSection(ProjectConfigurationPlatforms) = postSolution
		{40404066-8AF1-4ADB-8CD8-78F6FE2F070C}.Debug|Any CPU.ActiveCfg = Debug|Any CPU
		{40404066-8AF1-4ADB-8CD8-78F6FE2F070C}.Debug|Any CPU.Build.0 = Debug|Any CPU
		{40404066-8AF1-4ADB-8CD8-78F6FE2F070C}.Release|Any CPU.ActiveCfg = Release|Any CPU
		{40404066-8AF1-4ADB-8CD8-78F6FE2F070C}.Release|Any CPU.Build.0 = Release|Any CPU
	EndGlobalSection
	GlobalSection(SolutionProperties) = preSolution
		HideSolutionNode = FALSE
	EndGlobalSection
	GlobalSection(ExtensibilityGlobals) = postSolution
		SolutionGuid = {93692F6E-2C99-4B23-87AF-312C664D7C02}
	EndGlobalSection
EndGlobal
